
Microsoft Visual Studio Solution File, Format Version 12.00
# Visual Studio Version 17
VisualStudioVersion = 17.14.36310.24 d17.14
MinimumVisualStudioVersion = 10.0.40219.1
Project("{FAE04EC0-301F-11D3-BF4B-00C04F79EFBC}") = "Bug.Demonstrator", "Bug.Demonstrator.csproj", "{880353A4-4B98-485C-B070-1C4370EAB96B}"
EndProject
Global
	GlobalSection(SolutionConfigurationPlatforms) = preSolution
		Debug|Any CPU = Debug|Any CPU
		Release|Any CPU = Release|Any CPU
	EndGlobalSection
	GlobalSection(ProjectConfigurationPlatforms) = postSolution
		{880353A4-4B98-485C-B070-1C4370EAB96B}.Debug|Any CPU.ActiveCfg = Debug|Any CPU
		{880353A4-4B98-485C-B070-1C4370EAB96B}.Debug|Any CPU.Build.0 = Debug|Any CPU
		{880353A4-4B98-485C-B070-1C4370EAB96B}.Release|Any CPU.ActiveCfg = Release|Any CPU
		{880353A4-4B98-485C-B070-1C4370EAB96B}.Release|Any CPU.Build.0 = Release|Any CPU
	EndGlobalSection
	GlobalSection(SolutionProperties) = preSolution
		HideSolutionNode = FALSE
	EndGlobalSection
	GlobalSection(ExtensibilityGlobals) = postSolution
		SolutionGuid = {AB60775C-4089-4109-AB43-C16B8B1E939E}
	EndGlobalSection
EndGlobal
